{
    "_readme": [
        "This file locks the dependencies of your project to a known state",
        "Read more about it at https://getcomposer.org/doc/01-basic-usage.md#installing-dependencies",
        "This file is @generated automatically"
    ],
    "content-hash": "bc850fcd5ae2667395cecb1c86ef5944",
    "packages": [
        {
            "name": "dompdf/dompdf",
            "version": "v2.0.3",
            "source": {
                "type": "git",
                "url": "https://github.com/dompdf/dompdf.git",
                "reference": "e8d2d5e37e8b0b30f0732a011295ab80680d7e85"
            },
            "dist": {
                "type": "zip",
                "url": "https://api.github.com/repos/dompdf/dompdf/zipball/e8d2d5e37e8b0b30f0732a011295ab80680d7e85",
                "reference": "e8d2d5e37e8b0b30f0732a011295ab80680d7e85",
                "shasum": ""
            },
            "require": {
                "ext-dom": "*",
                "ext-mbstring": "*",
                "masterminds/html5": "^2.0",
                "phenx/php-font-lib": ">=0.5.4 <1.0.0",
                "phenx/php-svg-lib": ">=0.3.3 <1.0.0",
                "php": "^7.1 || ^8.0"
            },
            "require-dev": {
                "ext-json": "*",
                "ext-zip": "*",
                "mockery/mockery": "^1.3",
                "phpunit/phpunit": "^7.5 || ^8 || ^9",
                "squizlabs/php_codesniffer": "^3.5"
            },
            "suggest": {
                "ext-gd": "Needed to process images",
                "ext-gmagick": "Improves image processing performance",
                "ext-imagick": "Improves image processing performance",
                "ext-zlib": "Needed for pdf stream compression"
            },
            "type": "library",
            "autoload": {
                "psr-4": {
                    "Dompdf\\": "src/"
                },
                "classmap": [
                    "lib/"
                ]
            },
            "notification-url": "https://packagist.org/downloads/",
            "license": [
                "LGPL-2.1"
            ],
            "authors": [
                {
                    "name": "The Dompdf Community",
                    "homepage": "https://github.com/dompdf/dompdf/blob/master/AUTHORS.md"
                }
            ],
            "description": "DOMPDF is a CSS 2.1 compliant HTML to PDF converter",
            "homepage": "https://github.com/dompdf/dompdf",
            "support": {
                "issues": "https://github.com/dompdf/dompdf/issues",
                "source": "https://github.com/dompdf/dompdf/tree/v2.0.3"
            },
            "time": "2023-02-07T12:51:48+00:00"
        },
        {
            "name": "laminas/laminas-escaper",
            "version": "2.12.0",
            "source": {
                "type": "git",
                "url": "https://github.com/laminas/laminas-escaper.git",
                "reference": "ee7a4c37bf3d0e8c03635d5bddb5bb3184ead490"
            },
            "dist": {
                "type": "zip",
                "url": "https://api.github.com/repos/laminas/laminas-escaper/zipball/ee7a4c37bf3d0e8c03635d5bddb5bb3184ead490",
                "reference": "ee7a4c37bf3d0e8c03635d5bddb5bb3184ead490",
                "shasum": ""
            },
            "require": {
                "ext-ctype": "*",
                "ext-mbstring": "*",
                "php": "^7.4 || ~8.0.0 || ~8.1.0 || ~8.2.0"
            },
            "conflict": {
                "zendframework/zend-escaper": "*"
            },
            "require-dev": {
                "infection/infection": "^0.26.6",
                "laminas/laminas-coding-standard": "~2.4.0",
                "maglnet/composer-require-checker": "^3.8.0",
                "phpunit/phpunit": "^9.5.18",
                "psalm/plugin-phpunit": "^0.17.0",
                "vimeo/psalm": "^4.22.0"
            },
            "type": "library",
            "autoload": {
                "psr-4": {
                    "Laminas\\Escaper\\": "src/"
                }
            },
            "notification-url": "https://packagist.org/downloads/",
            "license": [
                "BSD-3-Clause"
            ],
            "description": "Securely and safely escape HTML, HTML attributes, JavaScript, CSS, and URLs",
            "homepage": "https://laminas.dev",
            "keywords": [
                "escaper",
                "laminas"
            ],
            "support": {
                "chat": "https://laminas.dev/chat",
                "docs": "https://docs.laminas.dev/laminas-escaper/",
                "forum": "https://discourse.laminas.dev",
                "issues": "https://github.com/laminas/laminas-escaper/issues",
                "rss": "https://github.com/laminas/laminas-escaper/releases.atom",
                "source": "https://github.com/laminas/laminas-escaper"
            },
            "funding": [
                {
                    "url": "https://funding.communitybridge.org/projects/laminas-project",
                    "type": "community_bridge"
                }
            ],
            "time": "2022-10-10T10:11:09+00:00"
        },
        {
            "name": "masterminds/html5",
            "version": "2.8.1",
            "source": {
                "type": "git",
                "url": "https://github.com/Masterminds/html5-php.git",
                "reference": "f47dcf3c70c584de14f21143c55d9939631bc6cf"
            },
            "dist": {
                "type": "zip",
                "url": "https://api.github.com/repos/Masterminds/html5-php/zipball/f47dcf3c70c584de14f21143c55d9939631bc6cf",
                "reference": "f47dcf3c70c584de14f21143c55d9939631bc6cf",
                "shasum": ""
            },
            "require": {
                "ext-dom": "*",
                "php": ">=5.3.0"
            },
            "require-dev": {
                "phpunit/phpunit": "^4.8.35 || ^5.7.21 || ^6 || ^7 || ^8"
            },
            "type": "library",
            "extra": {
                "branch-alias": {
                    "dev-master": "2.7-dev"
                }
            },
            "autoload": {
                "psr-4": {
                    "Masterminds\\": "src"
                }
            },
            "notification-url": "https://packagist.org/downloads/",
            "license": [
                "MIT"
            ],
            "authors": [
                {
                    "name": "Matt Butcher",
                    "email": "technosophos@gmail.com"
                },
                {
                    "name": "Matt Farina",
                    "email": "matt@mattfarina.com"
                },
                {
                    "name": "Asmir Mustafic",
                    "email": "goetas@gmail.com"
                }
            ],
            "description": "An HTML5 parser and serializer.",
            "homepage": "http://masterminds.github.io/html5-php",
            "keywords": [
                "HTML5",
                "dom",
                "html",
                "parser",
                "querypath",
                "serializer",
                "xml"
            ],
            "support": {
                "issues": "https://github.com/Masterminds/html5-php/issues",
                "source": "https://github.com/Masterminds/html5-php/tree/2.8.1"
            },
            "time": "2023-05-10T11:58:31+00:00"
        },
        {
            "name": "pclzip/pclzip",
            "version": "2.8.2",
            "source": {
                "type": "git",
                "url": "https://github.com/ivanlanin/pclzip.git",
                "reference": "19dd1de9d3f5fc4d7d70175b4c344dee329f45fd"
            },
            "dist": {
                "type": "zip",
                "url": "https://api.github.com/repos/ivanlanin/pclzip/zipball/19dd1de9d3f5fc4d7d70175b4c344dee329f45fd",
                "reference": "19dd1de9d3f5fc4d7d70175b4c344dee329f45fd",
                "shasum": ""
            },
            "type": "library",
            "autoload": {
                "classmap": [
                    "pclzip.lib.php"
                ]
            },
            "notification-url": "https://packagist.org/downloads/",
            "license": [
                "LGPL-2.1"
            ],
            "authors": [
                {
                    "name": "Vincent Blavet"
                }
            ],
            "description": "A PHP library that offers compression and extraction functions for Zip formatted archives",
            "homepage": "http://www.phpconcept.net/pclzip",
            "keywords": [
                "php",
                "zip"
            ],
            "support": {
                "issues": "https://github.com/ivanlanin/pclzip/issues",
                "source": "https://github.com/ivanlanin/pclzip/tree/master"
            },
            "time": "2014-06-05T11:42:24+00:00"
        },
        {
            "name": "phenx/php-font-lib",
            "version": "0.5.4",
            "source": {
                "type": "git",
                "url": "https://github.com/dompdf/php-font-lib.git",
                "reference": "dd448ad1ce34c63d09baccd05415e361300c35b4"
            },
            "dist": {
                "type": "zip",
                "url": "https://api.github.com/repos/dompdf/php-font-lib/zipball/dd448ad1ce34c63d09baccd05415e361300c35b4",
                "reference": "dd448ad1ce34c63d09baccd05415e361300c35b4",
                "shasum": ""
            },
            "require": {
                "ext-mbstring": "*"
            },
            "require-dev": {
                "symfony/phpunit-bridge": "^3 || ^4 || ^5"
            },
            "type": "library",
            "autoload": {
                "psr-4": {
                    "FontLib\\": "src/FontLib"
                }
            },
            "notification-url": "https://packagist.org/downloads/",
            "license": [
                "LGPL-3.0"
            ],
            "authors": [
                {
                    "name": "Fabien Ménager",
                    "email": "fabien.menager@gmail.com"
                }
            ],
            "description": "A library to read, parse, export and make subsets of different types of font files.",
            "homepage": "https://github.com/PhenX/php-font-lib",
            "support": {
                "issues": "https://github.com/dompdf/php-font-lib/issues",
                "source": "https://github.com/dompdf/php-font-lib/tree/0.5.4"
            },
            "time": "2021-12-17T19:44:54+00:00"
        },
        {
            "name": "phenx/php-svg-lib",
            "version": "0.5.0",
            "source": {
                "type": "git",
                "url": "https://github.com/dompdf/php-svg-lib.git",
                "reference": "76876c6cf3080bcb6f249d7d59705108166a6685"
            },
            "dist": {
                "type": "zip",
                "url": "https://api.github.com/repos/dompdf/php-svg-lib/zipball/76876c6cf3080bcb6f249d7d59705108166a6685",
                "reference": "76876c6cf3080bcb6f249d7d59705108166a6685",
                "shasum": ""
            },
            "require": {
                "ext-mbstring": "*",
                "php": "^7.1 || ^8.0",
                "sabberworm/php-css-parser": "^8.4"
            },
            "require-dev": {
                "phpunit/phpunit": "^7.5 || ^8.5 || ^9.5"
            },
            "type": "library",
            "autoload": {
                "psr-4": {
                    "Svg\\": "src/Svg"
                }
            },
            "notification-url": "https://packagist.org/downloads/",
            "license": [
                "LGPL-3.0"
            ],
            "authors": [
                {
                    "name": "Fabien Ménager",
                    "email": "fabien.menager@gmail.com"
                }
            ],
            "description": "A library to read, parse and export to PDF SVG files.",
            "homepage": "https://github.com/PhenX/php-svg-lib",
            "support": {
                "issues": "https://github.com/dompdf/php-svg-lib/issues",
                "source": "https://github.com/dompdf/php-svg-lib/tree/0.5.0"
            },
            "time": "2022-09-06T12:16:56+00:00"
        },
        {
            "name": "phpmailer/phpmailer",
            "version": "v6.8.0",
            "source": {
                "type": "git",
                "url": "https://github.com/PHPMailer/PHPMailer.git",
                "reference": "df16b615e371d81fb79e506277faea67a1be18f1"
            },
            "dist": {
                "type": "zip",
                "url": "https://api.github.com/repos/PHPMailer/PHPMailer/zipball/df16b615e371d81fb79e506277faea67a1be18f1",
                "reference": "df16b615e371d81fb79e506277faea67a1be18f1",
                "shasum": ""
            },
            "require": {
                "ext-ctype": "*",
                "ext-filter": "*",
                "ext-hash": "*",
                "php": ">=5.5.0"
            },
            "require-dev": {
                "dealerdirect/phpcodesniffer-composer-installer": "^0.7.2",
                "doctrine/annotations": "^1.2.6 || ^1.13.3",
                "php-parallel-lint/php-console-highlighter": "^1.0.0",
                "php-parallel-lint/php-parallel-lint": "^1.3.2",
                "phpcompatibility/php-compatibility": "^9.3.5",
                "roave/security-advisories": "dev-latest",
                "squizlabs/php_codesniffer": "^3.7.1",
                "yoast/phpunit-polyfills": "^1.0.4"
            },
            "suggest": {
                "ext-mbstring": "Needed to send email in multibyte encoding charset or decode encoded addresses",
                "ext-openssl": "Needed for secure SMTP sending and DKIM signing",
                "greew/oauth2-azure-provider": "Needed for Microsoft Azure XOAUTH2 authentication",
                "hayageek/oauth2-yahoo": "Needed for Yahoo XOAUTH2 authentication",
                "league/oauth2-google": "Needed for Google XOAUTH2 authentication",
                "psr/log": "For optional PSR-3 debug logging",
                "symfony/polyfill-mbstring": "To support UTF-8 if the Mbstring PHP extension is not enabled (^1.2)",
                "thenetworg/oauth2-azure": "Needed for Microsoft XOAUTH2 authentication"
            },
            "type": "library",
            "autoload": {
                "psr-4": {
                    "PHPMailer\\PHPMailer\\": "src/"
                }
            },
            "notification-url": "https://packagist.org/downloads/",
            "license": [
                "LGPL-2.1-only"
            ],
            "authors": [
                {
                    "name": "Marcus Bointon",
                    "email": "phpmailer@synchromedia.co.uk"
                },
                {
                    "name": "Jim Jagielski",
                    "email": "jimjag@gmail.com"
                },
                {
                    "name": "Andy Prevost",
                    "email": "codeworxtech@users.sourceforge.net"
                },
                {
                    "name": "Brent R. Matzelle"
                }
            ],
            "description": "PHPMailer is a full-featured email creation and transfer class for PHP",
            "support": {
                "issues": "https://github.com/PHPMailer/PHPMailer/issues",
                "source": "https://github.com/PHPMailer/PHPMailer/tree/v6.8.0"
            },
            "funding": [
                {
                    "url": "https://github.com/Synchro",
                    "type": "github"
                }
            ],
            "time": "2023-03-06T14:43:22+00:00"
        },
        {
            "name": "phpoffice/common",
            "version": "0.2.9",
            "source": {
                "type": "git",
                "url": "https://github.com/PHPOffice/Common.git",
                "reference": "edb5d32b1e3400a35a5c91e2539ed6f6ce925e4d"
            },
            "dist": {
                "type": "zip",
                "url": "https://api.github.com/repos/PHPOffice/Common/zipball/edb5d32b1e3400a35a5c91e2539ed6f6ce925e4d",
                "reference": "edb5d32b1e3400a35a5c91e2539ed6f6ce925e4d",
                "shasum": ""
            },
            "require": {
                "pclzip/pclzip": "^2.8",
                "php": ">=5.3.0"
            },
            "require-dev": {
                "phpdocumentor/phpdocumentor": "2.*",
                "phploc/phploc": "2.*",
                "phpmd/phpmd": "2.*",
                "phpunit/phpunit": "^4.8.36 || ^7.0",
                "sebastian/phpcpd": "2.*",
                "squizlabs/php_codesniffer": "2.*"
            },
            "type": "library",
            "autoload": {
                "psr-4": {
                    "PhpOffice\\Common\\": "src/Common/"
                }
            },
            "notification-url": "https://packagist.org/downloads/",
            "license": [
                "LGPL"
            ],
            "authors": [
                {
                    "name": "Mark Baker"
                },
                {
                    "name": "Franck Lefevre",
                    "homepage": "http://rootslabs.net"
                }
            ],
            "description": "PHPOffice Common",
            "homepage": "http://phpoffice.github.io",
            "keywords": [
                "common",
                "component",
                "office",
                "php"
            ],
            "support": {
                "issues": "https://github.com/PHPOffice/Common/issues",
                "source": "https://github.com/PHPOffice/Common/tree/master"
            },
            "time": "2018-07-13T14:12:34+00:00"
        },
        {
            "name": "phpoffice/phppresentation",
            "version": "0.9.0",
            "source": {
                "type": "git",
                "url": "https://github.com/PHPOffice/PHPPresentation.git",
                "reference": "1fcc84072ee0061f8991b8f83050a99e706fe5ce"
            },
            "dist": {
                "type": "zip",
                "url": "https://api.github.com/repos/PHPOffice/PHPPresentation/zipball/1fcc84072ee0061f8991b8f83050a99e706fe5ce",
                "reference": "1fcc84072ee0061f8991b8f83050a99e706fe5ce",
                "shasum": ""
            },
            "require": {
                "ext-xml": "*",
                "ext-zip": "*",
                "php": ">=5.3.0",
                "phpoffice/common": "0.2.*"
            },
            "require-dev": {
                "codeclimate/php-test-reporter": "dev-master",
                "phpdocumentor/phpdocumentor": "2.*",
                "phploc/phploc": "2.*",
                "phpmd/phpmd": "2.*",
                "phpunit/phpunit": "3.7.*",
                "sebastian/phpcpd": "2.*",
                "squizlabs/php_codesniffer": "2.*",
                "twig/twig": "1.27"
            },
            "suggest": {
                "ext-gd2": "Required to add images"
            },
            "type": "library",
            "autoload": {
                "psr-4": {
                    "PhpOffice\\PhpPresentation\\": "src/PhpPresentation/"
                }
            },
            "notification-url": "https://packagist.org/downloads/",
            "license": [
                "LGPL"
            ],
            "authors": [
                {
                    "name": "Mark Baker"
                },
                {
                    "name": "Ivan Lanin",
                    "homepage": "http://ivan.lanin.org"
                },
                {
                    "name": "Franck Lefevre",
                    "homepage": "http://rootslabs.net"
                }
            ],
            "description": "PHPPresentation - Read, Create and Write Presentations documents in PHP",
            "homepage": "http://phpoffice.github.io",
            "keywords": [
                "LibreOffice",
                "PowerPoint",
                "odp",
                "php",
                "ppt",
                "pptx",
                "presentations"
            ],
            "support": {
                "issues": "https://github.com/PHPOffice/PHPPresentation/issues",
                "source": "https://github.com/PHPOffice/PHPPresentation/tree/master"
            },
            "time": "2017-07-05T12:13:02+00:00"
        },
        {
            "name": "phpoffice/phpword",
            "version": "1.1.0",
            "source": {
                "type": "git",
                "url": "https://github.com/PHPOffice/PHPWord.git",
                "reference": "90a55955e6a772bb4cd9b1ef6a7e88c8976c2561"
            },
            "dist": {
                "type": "zip",
                "url": "https://api.github.com/repos/PHPOffice/PHPWord/zipball/90a55955e6a772bb4cd9b1ef6a7e88c8976c2561",
                "reference": "90a55955e6a772bb4cd9b1ef6a7e88c8976c2561",
                "shasum": ""
            },
            "require": {
                "ext-dom": "*",
                "ext-json": "*",
                "ext-xml": "*",
                "laminas/laminas-escaper": ">=2.6",
                "php": "^7.1|^8.0"
            },
            "require-dev": {
                "dompdf/dompdf": "^2.0",
                "ext-gd": "*",
                "ext-libxml": "*",
                "ext-zip": "*",
                "friendsofphp/php-cs-fixer": "^3.3",
                "mpdf/mpdf": "^8.1",
                "phpmd/phpmd": "^2.13",
                "phpunit/phpunit": ">=7.0",
                "symfony/process": "^4.4",
                "tecnickcom/tcpdf": "^6.5"
            },
            "suggest": {
                "dompdf/dompdf": "Allows writing PDF",
                "ext-gd2": "Allows adding images",
                "ext-xmlwriter": "Allows writing OOXML and ODF",
                "ext-xsl": "Allows applying XSL style sheet to headers, to main document part, and to footers of an OOXML template",
                "ext-zip": "Allows writing OOXML and ODF"
            },
            "type": "library",
            "autoload": {
                "psr-4": {
                    "PhpOffice\\PhpWord\\": "src/PhpWord"
                }
            },
            "notification-url": "https://packagist.org/downloads/",
            "license": [
                "LGPL-3.0"
            ],
            "authors": [
                {
                    "name": "Mark Baker"
                },
                {
                    "name": "Gabriel Bull",
                    "email": "me@gabrielbull.com",
                    "homepage": "http://gabrielbull.com/"
                },
                {
                    "name": "Franck Lefevre",
                    "homepage": "https://rootslabs.net/blog/"
                },
                {
                    "name": "Ivan Lanin",
                    "homepage": "http://ivan.lanin.org"
                },
                {
                    "name": "Roman Syroeshko",
                    "homepage": "http://ru.linkedin.com/pub/roman-syroeshko/34/a53/994/"
                },
                {
                    "name": "Antoine de Troostembergh"
                }
            ],
            "description": "PHPWord - A pure PHP library for reading and writing word processing documents (OOXML, ODF, RTF, HTML, PDF)",
            "homepage": "https://phpword.readthedocs.io/",
            "keywords": [
                "ISO IEC 29500",
                "OOXML",
                "Office Open XML",
                "OpenDocument",
                "OpenXML",
                "PhpOffice",
                "PhpWord",
                "Rich Text Format",
                "WordprocessingML",
                "doc",
                "docx",
                "html",
                "odf",
                "odt",
                "office",
                "pdf",
                "php",
                "reader",
                "rtf",
                "template",
                "template processor",
                "word",
                "writer"
            ],
            "support": {
                "issues": "https://github.com/PHPOffice/PHPWord/issues",
                "source": "https://github.com/PHPOffice/PHPWord/tree/1.1.0"
            },
            "time": "2023-05-30T07:59:14+00:00"
        },
        {
            "name": "sabberworm/php-css-parser",
            "version": "8.4.0",
            "source": {
                "type": "git",
                "url": "https://github.com/sabberworm/PHP-CSS-Parser.git",
                "reference": "e41d2140031d533348b2192a83f02d8dd8a71d30"
            },
            "dist": {
                "type": "zip",
                "url": "https://api.github.com/repos/sabberworm/PHP-CSS-Parser/zipball/e41d2140031d533348b2192a83f02d8dd8a71d30",
                "reference": "e41d2140031d533348b2192a83f02d8dd8a71d30",
                "shasum": ""
            },
            "require": {
                "ext-iconv": "*",
                "php": ">=5.6.20"
            },
            "require-dev": {
                "codacy/coverage": "^1.4",
                "phpunit/phpunit": "^4.8.36"
            },
            "suggest": {
                "ext-mbstring": "for parsing UTF-8 CSS"
            },
            "type": "library",
            "autoload": {
                "psr-4": {
                    "Sabberworm\\CSS\\": "src/"
                }
            },
            "notification-url": "https://packagist.org/downloads/",
            "license": [
                "MIT"
            ],
            "authors": [
                {
                    "name": "Raphael Schweikert"
                }
            ],
            "description": "Parser for CSS Files written in PHP",
            "homepage": "https://www.sabberworm.com/blog/2010/6/10/php-css-parser",
            "keywords": [
                "css",
                "parser",
                "stylesheet"
            ],
            "support": {
                "issues": "https://github.com/sabberworm/PHP-CSS-Parser/issues",
                "source": "https://github.com/sabberworm/PHP-CSS-Parser/tree/8.4.0"
            },
            "time": "2021-12-11T13:40:54+00:00"
        }
    ],
    "packages-dev": [],
    "aliases": [],
    "minimum-stability": "stable",
    "stability-flags": [],
    "prefer-stable": false,
    "prefer-lowest": false,
    "platform": [],
    "platform-dev": [],
    "plugin-api-version": "2.3.0"
}
